
Microsoft Visual Studio Solution File, Format Version 12.00
# Visual Studio Version 17
VisualStudioVersion = 17.12.35527.113 d17.12
MinimumVisualStudioVersion = 10.0.40219.1
Project("{FAE04EC0-301F-11D3-BF4B-00C04F79EFBC}") = "BudgetManagement", "BudgetManagement.csproj", "{947754EC-5570-4745-A78A-66E04D50E54E}"
EndProject
Project("{FAE04EC0-301F-11D3-BF4B-00C04F79EFBC}") = "BudgetManagementTests", "..\BudgetManagementTests\BudgetManagementTests.csproj", "{B0C7C5A3-99BA-4DC8-89B0-DA17A83EBB54}"
EndProject
Global
	GlobalSection(SolutionConfigurationPlatforms) = preSolution
		Debug|Any CPU = Debug|Any CPU
		Release|Any CPU = Release|Any CPU
	EndGlobalSection
	GlobalSection(ProjectConfigurationPlatforms) = postSolution
		{947754EC-5570-4745-A78A-66E04D50E54E}.Debug|Any CPU.ActiveCfg = Debug|Any CPU
		{947754EC-5570-4745-A78A-66E04D50E54E}.Debug|Any CPU.Build.0 = Debug|Any CPU
		{947754EC-5570-4745-A78A-66E04D50E54E}.Release|Any CPU.ActiveCfg = Release|Any CPU
		{947754EC-5570-4745-A78A-66E04D50E54E}.Release|Any CPU.Build.0 = Release|Any CPU
		{B0C7C5A3-99BA-4DC8-89B0-DA17A83EBB54}.Debug|Any CPU.ActiveCfg = Debug|Any CPU
		{B0C7C5A3-99BA-4DC8-89B0-DA17A83EBB54}.Debug|Any CPU.Build.0 = Debug|Any CPU
		{B0C7C5A3-99BA-4DC8-89B0-DA17A83EBB54}.Release|Any CPU.ActiveCfg = Release|Any CPU
		{B0C7C5A3-99BA-4DC8-89B0-DA17A83EBB54}.Release|Any CPU.Build.0 = Release|Any CPU
	EndGlobalSection
	GlobalSection(SolutionProperties) = preSolution
		HideSolutionNode = FALSE
	EndGlobalSection
EndGlobal
